{
  "name": "array-reduce",
  "version": "1.0.0",
  "lockfileVersion": 3,
  "requires": true,
  "packages": {
    "": {
      "name": "array-reduce",
      "version": "1.0.0",
      "license": "ISC",
      "devDependencies": {
        "php-bundler": "github:lovedder1995/php-bundler#2.0.2"
      }
    },
    "node_modules/php-bundler": {
      "version": "2.0.2",
      "resolved": "git+ssh://git@github.com/lovedder1995/php-bundler.git#71f5985759d7cfb5539b496ac13f0dd4b30dcbff",
      "dev": true,
      "license": "ISC"
    }
  }
}
